
Microsoft Visual Studio Solution File, Format Version 12.00
# Visual Studio Version 16
VisualStudioVersion = 16.0.29509.3
MinimumVisualStudioVersion = 10.0.40219.1
Project("{FAE04EC0-301F-11D3-BF4B-00C04F79EFBC}") = "BoardsMapper", "BoardsMapper\BoardsMapper.csproj", "{86E52D4B-8FE8-4987-94ED-FC268B5057D1}"
EndProject
Project("{FAE04EC0-301F-11D3-BF4B-00C04F79EFBC}") = "BoardsMapper.AppModels", "BoardsMapper.AppModels\BoardsMapper.AppModels.csproj", "{9E45AD2B-0C81-4811-95AA-9363D5BC4932}"
EndProject
Project("{FAE04EC0-301F-11D3-BF4B-00C04F79EFBC}") = "BoardsMapper.DataManager", "BoardsMapper.DataManager\BoardsMapper.DataManager.csproj", "{2604861D-0148-4C80-B941-28165C595903}"
EndProject
Global
	GlobalSection(SolutionConfigurationPlatforms) = preSolution
		Debug|Any CPU = Debug|Any CPU
		Release|Any CPU = Release|Any CPU
	EndGlobalSection
	GlobalSection(ProjectConfigurationPlatforms) = postSolution
		{86E52D4B-8FE8-4987-94ED-FC268B5057D1}.Debug|Any CPU.ActiveCfg = Debug|Any CPU
		{86E52D4B-8FE8-4987-94ED-FC268B5057D1}.Debug|Any CPU.Build.0 = Debug|Any CPU
		{86E52D4B-8FE8-4987-94ED-FC268B5057D1}.Release|Any CPU.ActiveCfg = Release|Any CPU
		{86E52D4B-8FE8-4987-94ED-FC268B5057D1}.Release|Any CPU.Build.0 = Release|Any CPU
		{9E45AD2B-0C81-4811-95AA-9363D5BC4932}.Debug|Any CPU.ActiveCfg = Debug|Any CPU
		{9E45AD2B-0C81-4811-95AA-9363D5BC4932}.Debug|Any CPU.Build.0 = Debug|Any CPU
		{9E45AD2B-0C81-4811-95AA-9363D5BC4932}.Release|Any CPU.ActiveCfg = Release|Any CPU
		{9E45AD2B-0C81-4811-95AA-9363D5BC4932}.Release|Any CPU.Build.0 = Release|Any CPU
		{2604861D-0148-4C80-B941-28165C595903}.Debug|Any CPU.ActiveCfg = Debug|Any CPU
		{2604861D-0148-4C80-B941-28165C595903}.Debug|Any CPU.Build.0 = Debug|Any CPU
		{2604861D-0148-4C80-B941-28165C595903}.Release|Any CPU.ActiveCfg = Release|Any CPU
		{2604861D-0148-4C80-B941-28165C595903}.Release|Any CPU.Build.0 = Release|Any CPU
	EndGlobalSection
	GlobalSection(SolutionProperties) = preSolution
		HideSolutionNode = FALSE
	EndGlobalSection
	GlobalSection(ExtensibilityGlobals) = postSolution
		SolutionGuid = {54D8EBE5-D1CE-454E-95C6-6BC33CE52439}
	EndGlobalSection
EndGlobal
